
Microsoft Visual Studio Solution File, Format Version 12.00
# Visual Studio Version 17
VisualStudioVersion = 17.5.33627.172
MinimumVisualStudioVersion = 10.0.40219.1
Project("{FAE04EC0-301F-11D3-BF4B-00C04F79EFBC}") = "rastgele-sayı", "rastgele-sayı\rastgele-sayı.csproj", "{9FAEBA79-88C2-4630-9602-A0EB6B3699D3}"
EndProject
Global
	GlobalSection(SolutionConfigurationPlatforms) = preSolution
		Debug|Any CPU = Debug|Any CPU
		Release|Any CPU = Release|Any CPU
	EndGlobalSection
	GlobalSection(ProjectConfigurationPlatforms) = postSolution
		{9FAEBA79-88C2-4630-9602-A0EB6B3699D3}.Debug|Any CPU.ActiveCfg = Debug|Any CPU
		{9FAEBA79-88C2-4630-9602-A0EB6B3699D3}.Debug|Any CPU.Build.0 = Debug|Any CPU
		{9FAEBA79-88C2-4630-9602-A0EB6B3699D3}.Release|Any CPU.ActiveCfg = Release|Any CPU
		{9FAEBA79-88C2-4630-9602-A0EB6B3699D3}.Release|Any CPU.Build.0 = Release|Any CPU
	EndGlobalSection
	GlobalSection(SolutionProperties) = preSolution
		HideSolutionNode = FALSE
	EndGlobalSection
	GlobalSection(ExtensibilityGlobals) = postSolution
		SolutionGuid = {9347BDE0-5DDD-4CE0-AA38-53CB00B30452}
	EndGlobalSection
EndGlobal
